
Microsoft Visual Studio Solution File, Format Version 12.00
# Visual Studio Version 17
VisualStudioVersion = 17.10.35013.160
MinimumVisualStudioVersion = 10.0.40219.1
Project("{FAE04EC0-301F-11D3-BF4B-00C04F79EFBC}") = "PatikaWeek4PracticeAbstraction", "PatikaWeek4PracticeAbstraction\PatikaWeek4PracticeAbstraction.csproj", "{7DD7F1BA-39B3-4FB6-A2B1-63F0BE7B3CE0}"
EndProject
Global
	GlobalSection(SolutionConfigurationPlatforms) = preSolution
		Debug|Any CPU = Debug|Any CPU
		Release|Any CPU = Release|Any CPU
	EndGlobalSection
	GlobalSection(ProjectConfigurationPlatforms) = postSolution
		{7DD7F1BA-39B3-4FB6-A2B1-63F0BE7B3CE0}.Debug|Any CPU.ActiveCfg = Debug|Any CPU
		{7DD7F1BA-39B3-4FB6-A2B1-63F0BE7B3CE0}.Debug|Any CPU.Build.0 = Debug|Any CPU
		{7DD7F1BA-39B3-4FB6-A2B1-63F0BE7B3CE0}.Release|Any CPU.ActiveCfg = Release|Any CPU
		{7DD7F1BA-39B3-4FB6-A2B1-63F0BE7B3CE0}.Release|Any CPU.Build.0 = Release|Any CPU
	EndGlobalSection
	GlobalSection(SolutionProperties) = preSolution
		HideSolutionNode = FALSE
	EndGlobalSection
	GlobalSection(ExtensibilityGlobals) = postSolution
		SolutionGuid = {76B64482-951D-41BA-8073-CF2C095709AC}
	EndGlobalSection
EndGlobal
